PODS:
  - Alamofire (5.4.3)
  - CocoaAsyncSocket (7.6.5)
  - SwiftyJSON (5.0.1)
  - SwiftyXMLParser (5.3.0)
  - Weak (1.0.0)

DEPENDENCIES:
  - Alamofire
  - CocoaAsyncSocket
  - SwiftyJSON
  - SwiftyXMLParser
  - Weak

SPEC REPOS:
  trunk:
    - Alamofire
    - CocoaAsyncSocket
    - SwiftyJSON
    - SwiftyXMLParser
    - Weak

SPEC CHECKSUMS:
  Alamofire: e447a2774a40c996748296fa2c55112fdbbc42f9
  CocoaAsyncSocket: 065fd1e645c7abab64f7a6a2007a48038fdc6a99
  SwiftyJSON: 2f33a42c6fbc52764d96f13368585094bfd8aa5e
  SwiftyXMLParser: 0985085180f1ee01916cd9b5c1a4f0a8f493c084
  Weak: 5b7a03ba36275b5075ee152841d97d4b225eabde

PODFILE CHECKSUM: dfd7ecdef4f9cf9fb49d547349d07971a61a4686

COCOAPODS: 1.11.2
