// !$*UTF8*$!
{
	archiveVersion = 1;
	classes = {
	};
	objectVersion = 55;
	objects = {

/* Begin PBXBuildFile section */
		554F4A3F27AC9FCC0008303F /* UINavigationControllerExtensions.swift in Sources */ = {isa = PBXBuildFile; fileRef = 554F4A3E27AC9FCC0008303F /* UINavigationControllerExtensions.swift */; };
		554F4A4127ADABB30008303F /* ConnectionTableViewSectionHeader.swift in Sources */ = {isa = PBXBuildFile; fileRef = 554F4A4027ADABB30008303F /* ConnectionTableViewSectionHeader.swift */; };
		554F4A4327ADD6350008303F /* BaseTableView.swift in Sources */ = {isa = PBXBuildFile; fileRef = 554F4A4227ADD6350008303F /* BaseTableView.swift */; };
		554F4A4627AEABAC0008303F /* BaseTableViewCellProtocol.swift in Sources */ = {isa = PBXBuildFile; fileRef = 554F4A4527AEABAC0008303F /* BaseTableViewCellProtocol.swift */; };
		554F4A4827B069850008303F /* UIConstants.swift in Sources */ = {isa = PBXBuildFile; fileRef = 554F4A4727B069850008303F /* UIConstants.swift */; };
		554F4A4A27B1B0730008303F /* BaseTableViewBackgroundView.swift in Sources */ = {isa = PBXBuildFile; fileRef = 554F4A4927B1B0730008303F /* BaseTableViewBackgroundView.swift */; };
		554F4A4F27B2F4780008303F /* ConnectionTableViewCellContracts.swift in Sources */ = {isa = PBXBuildFile; fileRef = 554F4A4E27B2F4780008303F /* ConnectionTableViewCellContracts.swift */; };
		554F4A5227B2F5450008303F /* ConnectionTableViewCellDataModel.swift in Sources */ = {isa = PBXBuildFile; fileRef = 554F4A5127B2F5450008303F /* ConnectionTableViewCellDataModel.swift */; };
		558AD5562766A7BA008D1CDC /* AppDelegate.swift in Sources */ = {isa = PBXBuildFile; fileRef = 558AD5552766A7BA008D1CDC /* AppDelegate.swift */; };
		558AD5582766A7BA008D1CDC /* SceneDelegate.swift in Sources */ = {isa = PBXBuildFile; fileRef = 558AD5572766A7BA008D1CDC /* SceneDelegate.swift */; };
		558AD55F2766A7BE008D1CDC /* Assets.xcassets in Resources */ = {isa = PBXBuildFile; fileRef = 558AD55E2766A7BE008D1CDC /* Assets.xcassets */; };
		558AD5622766A7BE008D1CDC /* LaunchScreen.storyboard in Resources */ = {isa = PBXBuildFile; fileRef = 558AD5602766A7BE008D1CDC /* LaunchScreen.storyboard */; };
		558AD56D2766A7BE008D1CDC /* TVBadgerTests.swift in Sources */ = {isa = PBXBuildFile; fileRef = 558AD56C2766A7BE008D1CDC /* TVBadgerTests.swift */; };
		558AD5772766A7BE008D1CDC /* TVBadgerUITests.swift in Sources */ = {isa = PBXBuildFile; fileRef = 558AD5762766A7BE008D1CDC /* TVBadgerUITests.swift */; };
		558AD5792766A7BE008D1CDC /* TVBadgerUITestsLaunchTests.swift in Sources */ = {isa = PBXBuildFile; fileRef = 558AD5782766A7BE008D1CDC /* TVBadgerUITestsLaunchTests.swift */; };
		558AD58B2766A9A8008D1CDC /* SSDPCommon.swift in Sources */ = {isa = PBXBuildFile; fileRef = 558AD58A2766A9A8008D1CDC /* SSDPCommon.swift */; };
		558AD58D2766A9BC008D1CDC /* SSDPDiscovery.swift in Sources */ = {isa = PBXBuildFile; fileRef = 558AD58C2766A9BC008D1CDC /* SSDPDiscovery.swift */; };
		558AD58F2766A9EA008D1CDC /* SSDPDiscoverySession.swift in Sources */ = {isa = PBXBuildFile; fileRef = 558AD58E2766A9EA008D1CDC /* SSDPDiscoverySession.swift */; };
		558AD5912766AA09008D1CDC /* SSDPMSearchRequest.swift in Sources */ = {isa = PBXBuildFile; fileRef = 558AD5902766AA09008D1CDC /* SSDPMSearchRequest.swift */; };
		558AD5932766AA28008D1CDC /* SSDPMSearchResponse.swift in Sources */ = {isa = PBXBuildFile; fileRef = 558AD5922766AA28008D1CDC /* SSDPMSearchResponse.swift */; };
		558AD5952766AA46008D1CDC /* SSDPResponse.swift in Sources */ = {isa = PBXBuildFile; fileRef = 558AD5942766AA46008D1CDC /* SSDPResponse.swift */; };
		558AD5972766AA5E008D1CDC /* SSDPSearchTarget.swift in Sources */ = {isa = PBXBuildFile; fileRef = 558AD5962766AA5E008D1CDC /* SSDPSearchTarget.swift */; };
		558AD5992766AA73008D1CDC /* SSDPUPNP.swift in Sources */ = {isa = PBXBuildFile; fileRef = 558AD5982766AA73008D1CDC /* SSDPUPNP.swift */; };
		558AD59B2766AB18008D1CDC /* DeviceDiscoverer.swift in Sources */ = {isa = PBXBuildFile; fileRef = 558AD59A2766AB18008D1CDC /* DeviceDiscoverer.swift */; };
		558AD59E2766AB61008D1CDC /* DeviceDiscovererContracts.swift in Sources */ = {isa = PBXBuildFile; fileRef = 558AD59D2766AB61008D1CDC /* DeviceDiscovererContracts.swift */; };
		558AD5A12766ABAA008D1CDC /* BaseViewController.swift in Sources */ = {isa = PBXBuildFile; fileRef = 558AD5A02766ABAA008D1CDC /* BaseViewController.swift */; };
		558AD5A42766B045008D1CDC /* WebSocket.swift in Sources */ = {isa = PBXBuildFile; fileRef = 558AD5A32766B045008D1CDC /* WebSocket.swift */; };
		558AD5A62766B056008D1CDC /* WebSocketContracts.swift in Sources */ = {isa = PBXBuildFile; fileRef = 558AD5A52766B056008D1CDC /* WebSocketContracts.swift */; };
		558AD5A9276785A1008D1CDC /* BaseViewModel.swift in Sources */ = {isa = PBXBuildFile; fileRef = 558AD5A8276785A1008D1CDC /* BaseViewModel.swift */; };
		558AD5AD27678602008D1CDC /* BaseViewModelContracts.swift in Sources */ = {isa = PBXBuildFile; fileRef = 558AD5AC27678602008D1CDC /* BaseViewModelContracts.swift */; };
		558D017A278B40500099CF87 /* StringExtensions.swift in Sources */ = {isa = PBXBuildFile; fileRef = 558D0179278B40500099CF87 /* StringExtensions.swift */; };
		558D0183278B448E0099CF87 /* ConnectionViewController.swift in Sources */ = {isa = PBXBuildFile; fileRef = 558D0182278B448E0099CF87 /* ConnectionViewController.swift */; };
		558D0185278B44A40099CF87 /* ConnectionViewModel.swift in Sources */ = {isa = PBXBuildFile; fileRef = 558D0184278B44A40099CF87 /* ConnectionViewModel.swift */; };
		558D0187278B44B20099CF87 /* ConnectionViewModelContracts.swift in Sources */ = {isa = PBXBuildFile; fileRef = 558D0186278B44B20099CF87 /* ConnectionViewModelContracts.swift */; };
		558D018E278BA3100099CF87 /* TabBarController.swift in Sources */ = {isa = PBXBuildFile; fileRef = 558D018D278BA3100099CF87 /* TabBarController.swift */; };
		558D0190278BA5A90099CF87 /* UIColorExtensions.swift in Sources */ = {isa = PBXBuildFile; fileRef = 558D018F278BA5A90099CF87 /* UIColorExtensions.swift */; };
		558D0195279755900099CF87 /* SettingsViewModelContracts.swift in Sources */ = {isa = PBXBuildFile; fileRef = 558D0194279755900099CF87 /* SettingsViewModelContracts.swift */; };
		558D01972797559E0099CF87 /* SettingsViewModel.swift in Sources */ = {isa = PBXBuildFile; fileRef = 558D01962797559E0099CF87 /* SettingsViewModel.swift */; };
		558D0199279755AB0099CF87 /* SettingsViewController.swift in Sources */ = {isa = PBXBuildFile; fileRef = 558D0198279755AB0099CF87 /* SettingsViewController.swift */; };
		558D019B279C1D0F0099CF87 /* UITableViewExtensions.swift in Sources */ = {isa = PBXBuildFile; fileRef = 558D019A279C1D0F0099CF87 /* UITableViewExtensions.swift */; };
		558D019D279C1E710099CF87 /* TableViewCellExtensions.swift in Sources */ = {isa = PBXBuildFile; fileRef = 558D019C279C1E710099CF87 /* TableViewCellExtensions.swift */; };
		558D019F279C21240099CF87 /* NameDescribable.swift in Sources */ = {isa = PBXBuildFile; fileRef = 558D019E279C21240099CF87 /* NameDescribable.swift */; };
		558D01A1279D70330099CF87 /* UIViewExtensions.swift in Sources */ = {isa = PBXBuildFile; fileRef = 558D01A0279D70330099CF87 /* UIViewExtensions.swift */; };
		558D01A3279D73DB0099CF87 /* ConstraintAnchors.swift in Sources */ = {isa = PBXBuildFile; fileRef = 558D01A2279D73DB0099CF87 /* ConstraintAnchors.swift */; };
		558D01A6279DCCD80099CF87 /* ConnectionViewTableViewCell.swift in Sources */ = {isa = PBXBuildFile; fileRef = 558D01A5279DCCD80099CF87 /* ConnectionViewTableViewCell.swift */; };
		558D01A8279DF7740099CF87 /* UILabelExtensions.swift in Sources */ = {isa = PBXBuildFile; fileRef = 558D01A7279DF7740099CF87 /* UILabelExtensions.swift */; };
		90313CE868EEBDCC2F5E5FC7 /* Pods_TVBadger.framework in Frameworks */ = {isa = PBXBuildFile; fileRef = E1DC22FCCC8045095F9905B6 /* Pods_TVBadger.framework */; };
/* End PBXBuildFile section */

/* Begin PBXContainerItemProxy section */
		558AD5692766A7BE008D1CDC /* PBXContainerItemProxy */ = {
			isa = PBXContainerItemProxy;
			containerPortal = 558AD54A2766A7BA008D1CDC /* Project object */;
			proxyType = 1;
			remoteGlobalIDString = 558AD5512766A7BA008D1CDC;
			remoteInfo = TVBadger;
		};
		558AD5732766A7BE008D1CDC /* PBXContainerItemProxy */ = {
			isa = PBXContainerItemProxy;
			containerPortal = 558AD54A2766A7BA008D1CDC /* Project object */;
			proxyType = 1;
			remoteGlobalIDString = 558AD5512766A7BA008D1CDC;
			remoteInfo = TVBadger;
		};
/* End PBXContainerItemProxy section */

/* Begin PBXFileReference section */
		554F4A3E27AC9FCC0008303F /* UINavigationControllerExtensions.swift */ = {isa = PBXFileReference; lastKnownFileType = sourcecode.swift; path = UINavigationControllerExtensions.swift; sourceTree = "<group>"; };
		554F4A4027ADABB30008303F /* ConnectionTableViewSectionHeader.swift */ = {isa = PBXFileReference; lastKnownFileType = sourcecode.swift; path = ConnectionTableViewSectionHeader.swift; sourceTree = "<group>"; };
		554F4A4227ADD6350008303F /* BaseTableView.swift */ = {isa = PBXFileReference; lastKnownFileType = sourcecode.swift; path = BaseTableView.swift; sourceTree = "<group>"; };
		554F4A4527AEABAC0008303F /* BaseTableViewCellProtocol.swift */ = {isa = PBXFileReference; lastKnownFileType = sourcecode.swift; path = BaseTableViewCellProtocol.swift; sourceTree = "<group>"; };
		554F4A4727B069850008303F /* UIConstants.swift */ = {isa = PBXFileReference; lastKnownFileType = sourcecode.swift; path = UIConstants.swift; sourceTree = "<group>"; };
		554F4A4927B1B0730008303F /* BaseTableViewBackgroundView.swift */ = {isa = PBXFileReference; lastKnownFileType = sourcecode.swift; path = BaseTableViewBackgroundView.swift; sourceTree = "<group>"; };
		554F4A4E27B2F4780008303F /* ConnectionTableViewCellContracts.swift */ = {isa = PBXFileReference; lastKnownFileType = sourcecode.swift; path = ConnectionTableViewCellContracts.swift; sourceTree = "<group>"; };
		554F4A5127B2F5450008303F /* ConnectionTableViewCellDataModel.swift */ = {isa = PBXFileReference; lastKnownFileType = sourcecode.swift; path = ConnectionTableViewCellDataModel.swift; sourceTree = "<group>"; };
		558AD5522766A7BA008D1CDC /* TVBadger.app */ = {isa = PBXFileReference; explicitFileType = wrapper.application; includeInIndex = 0; path = TVBadger.app; sourceTree = BUILT_PRODUCTS_DIR; };
		558AD5552766A7BA008D1CDC /* AppDelegate.swift */ = {isa = PBXFileReference; lastKnownFileType = sourcecode.swift; path = AppDelegate.swift; sourceTree = "<group>"; };
		558AD5572766A7BA008D1CDC /* SceneDelegate.swift */ = {isa = PBXFileReference; lastKnownFileType = sourcecode.swift; path = SceneDelegate.swift; sourceTree = "<group>"; };
		558AD55E2766A7BE008D1CDC /* Assets.xcassets */ = {isa = PBXFileReference; lastKnownFileType = folder.assetcatalog; path = Assets.xcassets; sourceTree = "<group>"; };
		558AD5612766A7BE008D1CDC /* Base */ = {isa = PBXFileReference; lastKnownFileType = file.storyboard; name = Base; path = Base.lproj/LaunchScreen.storyboard; sourceTree = "<group>"; };
		558AD5632766A7BE008D1CDC /* Info.plist */ = {isa = PBXFileReference; lastKnownFileType = text.plist.xml; path = Info.plist; sourceTree = "<group>"; };
		558AD5682766A7BE008D1CDC /* TVBadgerTests.xctest */ = {isa = PBXFileReference; explicitFileType = wrapper.cfbundle; includeInIndex = 0; path = TVBadgerTests.xctest; sourceTree = BUILT_PRODUCTS_DIR; };
		558AD56C2766A7BE008D1CDC /* TVBadgerTests.swift */ = {isa = PBXFileReference; lastKnownFileType = sourcecode.swift; path = TVBadgerTests.swift; sourceTree = "<group>"; };
		558AD5722766A7BE008D1CDC /* TVBadgerUITests.xctest */ = {isa = PBXFileReference; explicitFileType = wrapper.cfbundle; includeInIndex = 0; path = TVBadgerUITests.xctest; sourceTree = BUILT_PRODUCTS_DIR; };
		558AD5762766A7BE008D1CDC /* TVBadgerUITests.swift */ = {isa = PBXFileReference; lastKnownFileType = sourcecode.swift; path = TVBadgerUITests.swift; sourceTree = "<group>"; };
		558AD5782766A7BE008D1CDC /* TVBadgerUITestsLaunchTests.swift */ = {isa = PBXFileReference; lastKnownFileType = sourcecode.swift; path = TVBadgerUITestsLaunchTests.swift; sourceTree = "<group>"; };
		558AD58A2766A9A8008D1CDC /* SSDPCommon.swift */ = {isa = PBXFileReference; lastKnownFileType = sourcecode.swift; path = SSDPCommon.swift; sourceTree = "<group>"; };
		558AD58C2766A9BC008D1CDC /* SSDPDiscovery.swift */ = {isa = PBXFileReference; lastKnownFileType = sourcecode.swift; path = SSDPDiscovery.swift; sourceTree = "<group>"; };
		558AD58E2766A9EA008D1CDC /* SSDPDiscoverySession.swift */ = {isa = PBXFileReference; lastKnownFileType = sourcecode.swift; path = SSDPDiscoverySession.swift; sourceTree = "<group>"; };
		558AD5902766AA09008D1CDC /* SSDPMSearchRequest.swift */ = {isa = PBXFileReference; lastKnownFileType = sourcecode.swift; path = SSDPMSearchRequest.swift; sourceTree = "<group>"; };
		558AD5922766AA28008D1CDC /* SSDPMSearchResponse.swift */ = {isa = PBXFileReference; lastKnownFileType = sourcecode.swift; path = SSDPMSearchResponse.swift; sourceTree = "<group>"; };
		558AD5942766AA46008D1CDC /* SSDPResponse.swift */ = {isa = PBXFileReference; lastKnownFileType = sourcecode.swift; path = SSDPResponse.swift; sourceTree = "<group>"; };
		558AD5962766AA5E008D1CDC /* SSDPSearchTarget.swift */ = {isa = PBXFileReference; lastKnownFileType = sourcecode.swift; path = SSDPSearchTarget.swift; sourceTree = "<group>"; };
		558AD5982766AA73008D1CDC /* SSDPUPNP.swift */ = {isa = PBXFileReference; lastKnownFileType = sourcecode.swift; path = SSDPUPNP.swift; sourceTree = "<group>"; };
		558AD59A2766AB18008D1CDC /* DeviceDiscoverer.swift */ = {isa = PBXFileReference; lastKnownFileType = sourcecode.swift; path = DeviceDiscoverer.swift; sourceTree = "<group>"; };
		558AD59D2766AB61008D1CDC /* DeviceDiscovererContracts.swift */ = {isa = PBXFileReference; lastKnownFileType = sourcecode.swift; path = DeviceDiscovererContracts.swift; sourceTree = "<group>"; };
		558AD5A02766ABAA008D1CDC /* BaseViewController.swift */ = {isa = PBXFileReference; lastKnownFileType = sourcecode.swift; path = BaseViewController.swift; sourceTree = "<group>"; };
		558AD5A32766B045008D1CDC /* WebSocket.swift */ = {isa = PBXFileReference; lastKnownFileType = sourcecode.swift; path = WebSocket.swift; sourceTree = "<group>"; };
		558AD5A52766B056008D1CDC /* WebSocketContracts.swift */ = {isa = PBXFileReference; lastKnownFileType = sourcecode.swift; path = WebSocketContracts.swift; sourceTree = "<group>"; };
		558AD5A8276785A1008D1CDC /* BaseViewModel.swift */ = {isa = PBXFileReference; lastKnownFileType = sourcecode.swift; path = BaseViewModel.swift; sourceTree = "<group>"; };
		558AD5AC27678602008D1CDC /* BaseViewModelContracts.swift */ = {isa = PBXFileReference; lastKnownFileType = sourcecode.swift; path = BaseViewModelContracts.swift; sourceTree = "<group>"; };
		558D0179278B40500099CF87 /* StringExtensions.swift */ = {isa = PBXFileReference; lastKnownFileType = sourcecode.swift; path = StringExtensions.swift; sourceTree = "<group>"; };
		558D0182278B448E0099CF87 /* ConnectionViewController.swift */ = {isa = PBXFileReference; lastKnownFileType = sourcecode.swift; path = ConnectionViewController.swift; sourceTree = "<group>"; };
		558D0184278B44A40099CF87 /* ConnectionViewModel.swift */ = {isa = PBXFileReference; lastKnownFileType = sourcecode.swift; path = ConnectionViewModel.swift; sourceTree = "<group>"; };
		558D0186278B44B20099CF87 /* ConnectionViewModelContracts.swift */ = {isa = PBXFileReference; lastKnownFileType = sourcecode.swift; path = ConnectionViewModelContracts.swift; sourceTree = "<group>"; };
		558D018D278BA3100099CF87 /* TabBarController.swift */ = {isa = PBXFileReference; lastKnownFileType = sourcecode.swift; path = TabBarController.swift; sourceTree = "<group>"; };
		558D018F278BA5A90099CF87 /* UIColorExtensions.swift */ = {isa = PBXFileReference; lastKnownFileType = sourcecode.swift; path = UIColorExtensions.swift; sourceTree = "<group>"; };
		558D0194279755900099CF87 /* SettingsViewModelContracts.swift */ = {isa = PBXFileReference; lastKnownFileType = sourcecode.swift; path = SettingsViewModelContracts.swift; sourceTree = "<group>"; };
		558D01962797559E0099CF87 /* SettingsViewModel.swift */ = {isa = PBXFileReference; lastKnownFileType = sourcecode.swift; path = SettingsViewModel.swift; sourceTree = "<group>"; };
		558D0198279755AB0099CF87 /* SettingsViewController.swift */ = {isa = PBXFileReference; lastKnownFileType = sourcecode.swift; path = SettingsViewController.swift; sourceTree = "<group>"; };
		558D019A279C1D0F0099CF87 /* UITableViewExtensions.swift */ = {isa = PBXFileReference; lastKnownFileType = sourcecode.swift; path = UITableViewExtensions.swift; sourceTree = "<group>"; };
		558D019C279C1E710099CF87 /* TableViewCellExtensions.swift */ = {isa = PBXFileReference; lastKnownFileType = sourcecode.swift; path = TableViewCellExtensions.swift; sourceTree = "<group>"; };
		558D019E279C21240099CF87 /* NameDescribable.swift */ = {isa = PBXFileReference; lastKnownFileType = sourcecode.swift; path = NameDescribable.swift; sourceTree = "<group>"; };
		558D01A0279D70330099CF87 /* UIViewExtensions.swift */ = {isa = PBXFileReference; lastKnownFileType = sourcecode.swift; path = UIViewExtensions.swift; sourceTree = "<group>"; };
		558D01A2279D73DB0099CF87 /* ConstraintAnchors.swift */ = {isa = PBXFileReference; lastKnownFileType = sourcecode.swift; path = ConstraintAnchors.swift; sourceTree = "<group>"; };
		558D01A5279DCCD80099CF87 /* ConnectionViewTableViewCell.swift */ = {isa = PBXFileReference; lastKnownFileType = sourcecode.swift; path = ConnectionViewTableViewCell.swift; sourceTree = "<group>"; };
		558D01A7279DF7740099CF87 /* UILabelExtensions.swift */ = {isa = PBXFileReference; lastKnownFileType = sourcecode.swift; path = UILabelExtensions.swift; sourceTree = "<group>"; };
		71CD3771A28B8F92D7815299 /* Pods-TVBadger.debug.xcconfig */ = {isa = PBXFileReference; includeInIndex = 1; lastKnownFileType = text.xcconfig; name = "Pods-TVBadger.debug.xcconfig"; path = "Target Support Files/Pods-TVBadger/Pods-TVBadger.debug.xcconfig"; sourceTree = "<group>"; };
		E1DC22FCCC8045095F9905B6 /* Pods_TVBadger.framework */ = {isa = PBXFileReference; explicitFileType = wrapper.framework; includeInIndex = 0; path = Pods_TVBadger.framework; sourceTree = BUILT_PRODUCTS_DIR; };
		F0ADF575F7D2A93226BF7C2C /* Pods-TVBadger.release.xcconfig */ = {isa = PBXFileReference; includeInIndex = 1; lastKnownFileType = text.xcconfig; name = "Pods-TVBadger.release.xcconfig"; path = "Target Support Files/Pods-TVBadger/Pods-TVBadger.release.xcconfig"; sourceTree = "<group>"; };
/* End PBXFileReference section */

/* Begin PBXFrameworksBuildPhase section */
		558AD54F2766A7BA008D1CDC /* Frameworks */ = {
			isa = PBXFrameworksBuildPhase;
			buildActionMask = 2147483647;
			files = (
				90313CE868EEBDCC2F5E5FC7 /* Pods_TVBadger.framework in Frameworks */,
			);
			runOnlyForDeploymentPostprocessing = 0;
		};
		558AD5652766A7BE008D1CDC /* Frameworks */ = {
			isa = PBXFrameworksBuildPhase;
			buildActionMask = 2147483647;
			files = (
			);
			runOnlyForDeploymentPostprocessing = 0;
		};
		558AD56F2766A7BE008D1CDC /* Frameworks */ = {
			isa = PBXFrameworksBuildPhase;
			buildActionMask = 2147483647;
			files = (
			);
			runOnlyForDeploymentPostprocessing = 0;
		};
/* End PBXFrameworksBuildPhase section */

/* Begin PBXGroup section */
		0940B8F9DFA8AF83CD6AC51B /* Frameworks */ = {
			isa = PBXGroup;
			children = (
				E1DC22FCCC8045095F9905B6 /* Pods_TVBadger.framework */,
			);
			name = Frameworks;
			sourceTree = "<group>";
		};
		554F4A4427AEAB8B0008303F /* BaseTableView */ = {
			isa = PBXGroup;
			children = (
				554F4A4227ADD6350008303F /* BaseTableView.swift */,
				554F4A4527AEABAC0008303F /* BaseTableViewCellProtocol.swift */,
				554F4A4927B1B0730008303F /* BaseTableViewBackgroundView.swift */,
			);
			path = BaseTableView;
			sourceTree = "<group>";
		};
		554F4A5027B2F52C0008303F /* Model */ = {
			isa = PBXGroup;
			children = (
				554F4A5127B2F5450008303F /* ConnectionTableViewCellDataModel.swift */,
			);
			path = Model;
			sourceTree = "<group>";
		};
		558AD5492766A7BA008D1CDC = {
			isa = PBXGroup;
			children = (
				558AD5542766A7BA008D1CDC /* TVBadger */,
				558AD56B2766A7BE008D1CDC /* TVBadgerTests */,
				558AD5752766A7BE008D1CDC /* TVBadgerUITests */,
				558AD5532766A7BA008D1CDC /* Products */,
				DE8D38C0C06A401444AE6B2C /* Pods */,
				0940B8F9DFA8AF83CD6AC51B /* Frameworks */,
			);
			sourceTree = "<group>";
		};
		558AD5532766A7BA008D1CDC /* Products */ = {
			isa = PBXGroup;
			children = (
				558AD5522766A7BA008D1CDC /* TVBadger.app */,
				558AD5682766A7BE008D1CDC /* TVBadgerTests.xctest */,
				558AD5722766A7BE008D1CDC /* TVBadgerUITests.xctest */,
			);
			name = Products;
			sourceTree = "<group>";
		};
		558AD5542766A7BA008D1CDC /* TVBadger */ = {
			isa = PBXGroup;
			children = (
				558D017B278B42920099CF87 /* Common */,
				558D0177278B40300099CF87 /* Feature */,
				558AD5A727678569008D1CDC /* NetWorking */,
				558AD5862766A8D1008D1CDC /* StoryBoards */,
				558AD55E2766A7BE008D1CDC /* Assets.xcassets */,
				558AD5632766A7BE008D1CDC /* Info.plist */,
			);
			path = TVBadger;
			sourceTree = "<group>";
		};
		558AD56B2766A7BE008D1CDC /* TVBadgerTests */ = {
			isa = PBXGroup;
			children = (
				558AD56C2766A7BE008D1CDC /* TVBadgerTests.swift */,
			);
			path = TVBadgerTests;
			sourceTree = "<group>";
		};
		558AD5752766A7BE008D1CDC /* TVBadgerUITests */ = {
			isa = PBXGroup;
			children = (
				558AD5762766A7BE008D1CDC /* TVBadgerUITests.swift */,
				558AD5782766A7BE008D1CDC /* TVBadgerUITestsLaunchTests.swift */,
			);
			path = TVBadgerUITests;
			sourceTree = "<group>";
		};
		558AD5852766A8AD008D1CDC /* AppUtils */ = {
			isa = PBXGroup;
			children = (
				558AD5572766A7BA008D1CDC /* SceneDelegate.swift */,
				558AD5552766A7BA008D1CDC /* AppDelegate.swift */,
			);
			path = AppUtils;
			sourceTree = "<group>";
		};
		558AD5862766A8D1008D1CDC /* StoryBoards */ = {
			isa = PBXGroup;
			children = (
				558AD5602766A7BE008D1CDC /* LaunchScreen.storyboard */,
			);
			path = StoryBoards;
			sourceTree = "<group>";
		};
		558AD5872766A8EC008D1CDC /* DeviceDiscovery */ = {
			isa = PBXGroup;
			children = (
				558AD5882766A90F008D1CDC /* DeviceDiscoverer */,
				558AD5892766A91A008D1CDC /* SSDPUtils */,
			);
			path = DeviceDiscovery;
			sourceTree = "<group>";
		};
		558AD5882766A90F008D1CDC /* DeviceDiscoverer */ = {
			isa = PBXGroup;
			children = (
				558AD59A2766AB18008D1CDC /* DeviceDiscoverer.swift */,
				558AD59D2766AB61008D1CDC /* DeviceDiscovererContracts.swift */,
			);
			path = DeviceDiscoverer;
			sourceTree = "<group>";
		};
		558AD5892766A91A008D1CDC /* SSDPUtils */ = {
			isa = PBXGroup;
			children = (
				558AD58A2766A9A8008D1CDC /* SSDPCommon.swift */,
				558AD58C2766A9BC008D1CDC /* SSDPDiscovery.swift */,
				558AD58E2766A9EA008D1CDC /* SSDPDiscoverySession.swift */,
				558AD5902766AA09008D1CDC /* SSDPMSearchRequest.swift */,
				558AD5922766AA28008D1CDC /* SSDPMSearchResponse.swift */,
				558AD5942766AA46008D1CDC /* SSDPResponse.swift */,
				558AD5962766AA5E008D1CDC /* SSDPSearchTarget.swift */,
				558AD5982766AA73008D1CDC /* SSDPUPNP.swift */,
			);
			path = SSDPUtils;
			sourceTree = "<group>";
		};
		558AD59F2766AB93008D1CDC /* Base */ = {
			isa = PBXGroup;
			children = (
				554F4A4427AEAB8B0008303F /* BaseTableView */,
				558AD5AB276785ED008D1CDC /* ViewModel */,
				558AD5AA276785E7008D1CDC /* View */,
				558D018D278BA3100099CF87 /* TabBarController.swift */,
			);
			path = Base;
			sourceTree = "<group>";
		};
		558AD5A22766AFD1008D1CDC /* WebSocketConnection */ = {
			isa = PBXGroup;
			children = (
				558AD5A32766B045008D1CDC /* WebSocket.swift */,
				558AD5A52766B056008D1CDC /* WebSocketContracts.swift */,
			);
			path = WebSocketConnection;
			sourceTree = "<group>";
		};
		558AD5A727678569008D1CDC /* NetWorking */ = {
			isa = PBXGroup;
			children = (
				558AD5872766A8EC008D1CDC /* DeviceDiscovery */,
				558AD5A22766AFD1008D1CDC /* WebSocketConnection */,
			);
			path = NetWorking;
			sourceTree = "<group>";
		};
		558AD5AA276785E7008D1CDC /* View */ = {
			isa = PBXGroup;
			children = (
				558AD5A02766ABAA008D1CDC /* BaseViewController.swift */,
			);
			path = View;
			sourceTree = "<group>";
		};
		558AD5AB276785ED008D1CDC /* ViewModel */ = {
			isa = PBXGroup;
			children = (
				558AD5A8276785A1008D1CDC /* BaseViewModel.swift */,
				558AD5AC27678602008D1CDC /* BaseViewModelContracts.swift */,
			);
			path = ViewModel;
			sourceTree = "<group>";
		};
		558D0177278B40300099CF87 /* Feature */ = {
			isa = PBXGroup;
			children = (
				558D0191279755560099CF87 /* Settings */,
				558D017F278B444E0099CF87 /* Connnection */,
				558AD59F2766AB93008D1CDC /* Base */,
			);
			path = Feature;
			sourceTree = "<group>";
		};
		558D0178278B403C0099CF87 /* Extensions */ = {
			isa = PBXGroup;
			children = (
				558D0179278B40500099CF87 /* StringExtensions.swift */,
				558D018F278BA5A90099CF87 /* UIColorExtensions.swift */,
				558D019A279C1D0F0099CF87 /* UITableViewExtensions.swift */,
				558D019C279C1E710099CF87 /* TableViewCellExtensions.swift */,
				558D019E279C21240099CF87 /* NameDescribable.swift */,
				558D01A0279D70330099CF87 /* UIViewExtensions.swift */,
				558D01A2279D73DB0099CF87 /* ConstraintAnchors.swift */,
				558D01A7279DF7740099CF87 /* UILabelExtensions.swift */,
				554F4A3E27AC9FCC0008303F /* UINavigationControllerExtensions.swift */,
			);
			path = Extensions;
			sourceTree = "<group>";
		};
		558D017B278B42920099CF87 /* Common */ = {
			isa = PBXGroup;
			children = (
				558D017C278B42CD0099CF87 /* Constants */,
				558AD5852766A8AD008D1CDC /* AppUtils */,
				558D0178278B403C0099CF87 /* Extensions */,
			);
			path = Common;
			sourceTree = "<group>";
		};
		558D017C278B42CD0099CF87 /* Constants */ = {
			isa = PBXGroup;
			children = (
				554F4A4727B069850008303F /* UIConstants.swift */,
			);
			path = Constants;
			sourceTree = "<group>";
		};
		558D017F278B444E0099CF87 /* Connnection */ = {
			isa = PBXGroup;
			children = (
				554F4A5027B2F52C0008303F /* Model */,
				558D01A4279DC99D0099CF87 /* Cells */,
				558D0181278B445F0099CF87 /* View */,
				558D0180278B44580099CF87 /* ViewModel */,
			);
			path = Connnection;
			sourceTree = "<group>";
		};
		558D0180278B44580099CF87 /* ViewModel */ = {
			isa = PBXGroup;
			children = (
				558D0184278B44A40099CF87 /* ConnectionViewModel.swift */,
				558D0186278B44B20099CF87 /* ConnectionViewModelContracts.swift */,
			);
			path = ViewModel;
			sourceTree = "<group>";
		};
		558D0181278B445F0099CF87 /* View */ = {
			isa = PBXGroup;
			children = (
				558D0182278B448E0099CF87 /* ConnectionViewController.swift */,
			);
			path = View;
			sourceTree = "<group>";
		};
		558D0191279755560099CF87 /* Settings */ = {
			isa = PBXGroup;
			children = (
				558D0193279755620099CF87 /* ViewModel */,
				558D01922797555D0099CF87 /* View */,
			);
			path = Settings;
			sourceTree = "<group>";
		};
		558D01922797555D0099CF87 /* View */ = {
			isa = PBXGroup;
			children = (
				558D0198279755AB0099CF87 /* SettingsViewController.swift */,
			);
			path = View;
			sourceTree = "<group>";
		};
		558D0193279755620099CF87 /* ViewModel */ = {
			isa = PBXGroup;
			children = (
				558D0194279755900099CF87 /* SettingsViewModelContracts.swift */,
				558D01962797559E0099CF87 /* SettingsViewModel.swift */,
			);
			path = ViewModel;
			sourceTree = "<group>";
		};
		558D01A4279DC99D0099CF87 /* Cells */ = {
			isa = PBXGroup;
			children = (
				558D01A5279DCCD80099CF87 /* ConnectionViewTableViewCell.swift */,
				554F4A4027ADABB30008303F /* ConnectionTableViewSectionHeader.swift */,
				554F4A4E27B2F4780008303F /* ConnectionTableViewCellContracts.swift */,
			);
			path = Cells;
			sourceTree = "<group>";
		};
		DE8D38C0C06A401444AE6B2C /* Pods */ = {
			isa = PBXGroup;
			children = (
				71CD3771A28B8F92D7815299 /* Pods-TVBadger.debug.xcconfig */,
				F0ADF575F7D2A93226BF7C2C /* Pods-TVBadger.release.xcconfig */,
			);
			path = Pods;
			sourceTree = "<group>";
		};
/* End PBXGroup section */

/* Begin PBXNativeTarget section */
		558AD5512766A7BA008D1CDC /* TVBadger */ = {
			isa = PBXNativeTarget;
			buildConfigurationList = 558AD57C2766A7BE008D1CDC /* Build configuration list for PBXNativeTarget "TVBadger" */;
			buildPhases = (
				56ED4A289BDC65F9BE116F18 /* [CP] Check Pods Manifest.lock */,
				558AD54E2766A7BA008D1CDC /* Sources */,
				558AD54F2766A7BA008D1CDC /* Frameworks */,
				558AD5502766A7BA008D1CDC /* Resources */,
				5FE275271A09A6126F3FA35C /* [CP] Embed Pods Frameworks */,
			);
			buildRules = (
			);
			dependencies = (
			);
			name = TVBadger;
			productName = TVBadger;
			productReference = 558AD5522766A7BA008D1CDC /* TVBadger.app */;
			productType = "com.apple.product-type.application";
		};
		558AD5672766A7BE008D1CDC /* TVBadgerTests */ = {
			isa = PBXNativeTarget;
			buildConfigurationList = 558AD57F2766A7BE008D1CDC /* Build configuration list for PBXNativeTarget "TVBadgerTests" */;
			buildPhases = (
				558AD5642766A7BE008D1CDC /* Sources */,
				558AD5652766A7BE008D1CDC /* Frameworks */,
				558AD5662766A7BE008D1CDC /* Resources */,
			);
			buildRules = (
			);
			dependencies = (
				558AD56A2766A7BE008D1CDC /* PBXTargetDependency */,
			);
			name = TVBadgerTests;
			productName = TVBadgerTests;
			productReference = 558AD5682766A7BE008D1CDC /* TVBadgerTests.xctest */;
			productType = "com.apple.product-type.bundle.unit-test";
		};
		558AD5712766A7BE008D1CDC /* TVBadgerUITests */ = {
			isa = PBXNativeTarget;
			buildConfigurationList = 558AD5822766A7BE008D1CDC /* Build configuration list for PBXNativeTarget "TVBadgerUITests" */;
			buildPhases = (
				558AD56E2766A7BE008D1CDC /* Sources */,
				558AD56F2766A7BE008D1CDC /* Frameworks */,
				558AD5702766A7BE008D1CDC /* Resources */,
			);
			buildRules = (
			);
			dependencies = (
				558AD5742766A7BE008D1CDC /* PBXTargetDependency */,
			);
			name = TVBadgerUITests;
			productName = TVBadgerUITests;
			productReference = 558AD5722766A7BE008D1CDC /* TVBadgerUITests.xctest */;
			productType = "com.apple.product-type.bundle.ui-testing";
		};
/* End PBXNativeTarget section */

/* Begin PBXProject section */
		558AD54A2766A7BA008D1CDC /* Project object */ = {
			isa = PBXProject;
			attributes = {
				BuildIndependentTargetsInParallel = 1;
				LastSwiftUpdateCheck = 1310;
				LastUpgradeCheck = 1310;
				TargetAttributes = {
					558AD5512766A7BA008D1CDC = {
						CreatedOnToolsVersion = 13.1;
					};
					558AD5672766A7BE008D1CDC = {
						CreatedOnToolsVersion = 13.1;
						TestTargetID = 558AD5512766A7BA008D1CDC;
					};
					558AD5712766A7BE008D1CDC = {
						CreatedOnToolsVersion = 13.1;
						TestTargetID = 558AD5512766A7BA008D1CDC;
					};
				};
			};
			buildConfigurationList = 558AD54D2766A7BA008D1CDC /* Build configuration list for PBXProject "TVBadger" */;
			compatibilityVersion = "Xcode 13.0";
			developmentRegion = en;
			hasScannedForEncodings = 0;
			knownRegions = (
				en,
				Base,
			);
			mainGroup = 558AD5492766A7BA008D1CDC;
			productRefGroup = 558AD5532766A7BA008D1CDC /* Products */;
			projectDirPath = "";
			projectRoot = "";
			targets = (
				558AD5512766A7BA008D1CDC /* TVBadger */,
				558AD5672766A7BE008D1CDC /* TVBadgerTests */,
				558AD5712766A7BE008D1CDC /* TVBadgerUITests */,
			);
		};
/* End PBXProject section */

/* Begin PBXResourcesBuildPhase section */
		558AD5502766A7BA008D1CDC /* Resources */ = {
			isa = PBXResourcesBuildPhase;
			buildActionMask = 2147483647;
			files = (
				558AD5622766A7BE008D1CDC /* LaunchScreen.storyboard in Resources */,
				558AD55F2766A7BE008D1CDC /* Assets.xcassets in Resources */,
			);
			runOnlyForDeploymentPostprocessing = 0;
		};
		558AD5662766A7BE008D1CDC /* Resources */ = {
			isa = PBXResourcesBuildPhase;
			buildActionMask = 2147483647;
			files = (
			);
			runOnlyForDeploymentPostprocessing = 0;
		};
		558AD5702766A7BE008D1CDC /* Resources */ = {
			isa = PBXResourcesBuildPhase;
			buildActionMask = 2147483647;
			files = (
			);
			runOnlyForDeploymentPostprocessing = 0;
		};
/* End PBXResourcesBuildPhase section */

/* Begin PBXShellScriptBuildPhase section */
		56ED4A289BDC65F9BE116F18 /* [CP] Check Pods Manifest.lock */ = {
			isa = PBXShellScriptBuildPhase;
			buildActionMask = 2147483647;
			files = (
			);
			inputFileListPaths = (
			);
			inputPaths = (
				"${PODS_PODFILE_DIR_PATH}/Podfile.lock",
				"${PODS_ROOT}/Manifest.lock",
			);
			name = "[CP] Check Pods Manifest.lock";
			outputFileListPaths = (
			);
			outputPaths = (
				"$(DERIVED_FILE_DIR)/Pods-TVBadger-checkManifestLockResult.txt",
			);
			runOnlyForDeploymentPostprocessing = 0;
			shellPath = /bin/sh;
			shellScript = "diff \"${PODS_PODFILE_DIR_PATH}/Podfile.lock\" \"${PODS_ROOT}/Manifest.lock\" > /dev/null\nif [ $? != 0 ] ; then\n    # print error to STDERR\n    echo \"error: The sandbox is not in sync with the Podfile.lock. Run 'pod install' or update your CocoaPods installation.\" >&2\n    exit 1\nfi\n# This output is used by Xcode 'outputs' to avoid re-running this script phase.\necho \"SUCCESS\" > \"${SCRIPT_OUTPUT_FILE_0}\"\n";
			showEnvVarsInLog = 0;
		};
		5FE275271A09A6126F3FA35C /* [CP] Embed Pods Frameworks */ = {
			isa = PBXShellScriptBuildPhase;
			buildActionMask = 2147483647;
			files = (
			);
			inputFileListPaths = (
				"${PODS_ROOT}/Target Support Files/Pods-TVBadger/Pods-TVBadger-frameworks-${CONFIGURATION}-input-files.xcfilelist",
			);
			name = "[CP] Embed Pods Frameworks";
			outputFileListPaths = (
				"${PODS_ROOT}/Target Support Files/Pods-TVBadger/Pods-TVBadger-frameworks-${CONFIGURATION}-output-files.xcfilelist",
			);
			runOnlyForDeploymentPostprocessing = 0;
			shellPath = /bin/sh;
			shellScript = "\"${PODS_ROOT}/Target Support Files/Pods-TVBadger/Pods-TVBadger-frameworks.sh\"\n";
			showEnvVarsInLog = 0;
		};
/* End PBXShellScriptBuildPhase section */

/* Begin PBXSourcesBuildPhase section */
		558AD54E2766A7BA008D1CDC /* Sources */ = {
			isa = PBXSourcesBuildPhase;
			buildActionMask = 2147483647;
			files = (
				554F4A5227B2F5450008303F /* ConnectionTableViewCellDataModel.swift in Sources */,
				558AD5A12766ABAA008D1CDC /* BaseViewController.swift in Sources */,
				558D0195279755900099CF87 /* SettingsViewModelContracts.swift in Sources */,
				558AD58F2766A9EA008D1CDC /* SSDPDiscoverySession.swift in Sources */,
				554F4A4627AEABAC0008303F /* BaseTableViewCellProtocol.swift in Sources */,
				558AD59E2766AB61008D1CDC /* DeviceDiscovererContracts.swift in Sources */,
				554F4A4327ADD6350008303F /* BaseTableView.swift in Sources */,
				558AD58D2766A9BC008D1CDC /* SSDPDiscovery.swift in Sources */,
				558D0187278B44B20099CF87 /* ConnectionViewModelContracts.swift in Sources */,
				558D0185278B44A40099CF87 /* ConnectionViewModel.swift in Sources */,
				558AD5A62766B056008D1CDC /* WebSocketContracts.swift in Sources */,
				558AD5A9276785A1008D1CDC /* BaseViewModel.swift in Sources */,
				558D0190278BA5A90099CF87 /* UIColorExtensions.swift in Sources */,
				558D018E278BA3100099CF87 /* TabBarController.swift in Sources */,
				554F4A4827B069850008303F /* UIConstants.swift in Sources */,
				558D019D279C1E710099CF87 /* TableViewCellExtensions.swift in Sources */,
				558D017A278B40500099CF87 /* StringExtensions.swift in Sources */,
				558D019B279C1D0F0099CF87 /* UITableViewExtensions.swift in Sources */,
				558D01A8279DF7740099CF87 /* UILabelExtensions.swift in Sources */,
				558AD5AD27678602008D1CDC /* BaseViewModelContracts.swift in Sources */,
				558AD5932766AA28008D1CDC /* SSDPMSearchResponse.swift in Sources */,
				554F4A4127ADABB30008303F /* ConnectionTableViewSectionHeader.swift in Sources */,
				554F4A4A27B1B0730008303F /* BaseTableViewBackgroundView.swift in Sources */,
				558D01A1279D70330099CF87 /* UIViewExtensions.swift in Sources */,
				558D019F279C21240099CF87 /* NameDescribable.swift in Sources */,
				558AD5562766A7BA008D1CDC /* AppDelegate.swift in Sources */,
				558AD5912766AA09008D1CDC /* SSDPMSearchRequest.swift in Sources */,
				558D0183278B448E0099CF87 /* ConnectionViewController.swift in Sources */,
				558AD5582766A7BA008D1CDC /* SceneDelegate.swift in Sources */,
				558AD5972766AA5E008D1CDC /* SSDPSearchTarget.swift in Sources */,
				558AD5952766AA46008D1CDC /* SSDPResponse.swift in Sources */,
				558D01972797559E0099CF87 /* SettingsViewModel.swift in Sources */,
				558D01A3279D73DB0099CF87 /* ConstraintAnchors.swift in Sources */,
				558AD59B2766AB18008D1CDC /* DeviceDiscoverer.swift in Sources */,
				558AD5992766AA73008D1CDC /* SSDPUPNP.swift in Sources */,
				558AD58B2766A9A8008D1CDC /* SSDPCommon.swift in Sources */,
				558AD5A42766B045008D1CDC /* WebSocket.swift in Sources */,
				558D01A6279DCCD80099CF87 /* ConnectionViewTableViewCell.swift in Sources */,
				554F4A4F27B2F4780008303F /* ConnectionTableViewCellContracts.swift in Sources */,
				558D0199279755AB0099CF87 /* SettingsViewController.swift in Sources */,
				554F4A3F27AC9FCC0008303F /* UINavigationControllerExtensions.swift in Sources */,
			);
			runOnlyForDeploymentPostprocessing = 0;
		};
		558AD5642766A7BE008D1CDC /* Sources */ = {
			isa = PBXSourcesBuildPhase;
			buildActionMask = 2147483647;
			files = (
				558AD56D2766A7BE008D1CDC /* TVBadgerTests.swift in Sources */,
			);
			runOnlyForDeploymentPostprocessing = 0;
		};
		558AD56E2766A7BE008D1CDC /* Sources */ = {
			isa = PBXSourcesBuildPhase;
			buildActionMask = 2147483647;
			files = (
				558AD5792766A7BE008D1CDC /* TVBadgerUITestsLaunchTests.swift in Sources */,
				558AD5772766A7BE008D1CDC /* TVBadgerUITests.swift in Sources */,
			);
			runOnlyForDeploymentPostprocessing = 0;
		};
/* End PBXSourcesBuildPhase section */

/* Begin PBXTargetDependency section */
		558AD56A2766A7BE008D1CDC /* PBXTargetDependency */ = {
			isa = PBXTargetDependency;
			target = 558AD5512766A7BA008D1CDC /* TVBadger */;
			targetProxy = 558AD5692766A7BE008D1CDC /* PBXContainerItemProxy */;
		};
		558AD5742766A7BE008D1CDC /* PBXTargetDependency */ = {
			isa = PBXTargetDependency;
			target = 558AD5512766A7BA008D1CDC /* TVBadger */;
			targetProxy = 558AD5732766A7BE008D1CDC /* PBXContainerItemProxy */;
		};
/* End PBXTargetDependency section */

/* Begin PBXVariantGroup section */
		558AD5602766A7BE008D1CDC /* LaunchScreen.storyboard */ = {
			isa = PBXVariantGroup;
			children = (
				558AD5612766A7BE008D1CDC /* Base */,
			);
			name = LaunchScreen.storyboard;
			sourceTree = "<group>";
		};
/* End PBXVariantGroup section */

/* Begin XCBuildConfiguration section */
		558AD57A2766A7BE008D1CDC /* Debug */ = {
			isa = XCBuildConfiguration;
			buildSettings = {
				ALWAYS_SEARCH_USER_PATHS = NO;
				CLANG_ANALYZER_NONNULL = YES;
				CLANG_ANALYZER_NUMBER_OBJECT_CONVERSION = YES_AGGRESSIVE;
				CLANG_CXX_LANGUAGE_STANDARD = "gnu++17";
				CLANG_CXX_LIBRARY = "libc++";
				CLANG_ENABLE_MODULES = YES;
				CLANG_ENABLE_OBJC_ARC = YES;
				CLANG_ENABLE_OBJC_WEAK = YES;
				CLANG_WARN_BLOCK_CAPTURE_AUTORELEASING = YES;
				CLANG_WARN_BOOL_CONVERSION = YES;
				CLANG_WARN_COMMA = YES;
				CLANG_WARN_CONSTANT_CONVERSION = YES;
				CLANG_WARN_DEPRECATED_OBJC_IMPLEMENTATIONS = YES;
				CLANG_WARN_DIRECT_OBJC_ISA_USAGE = YES_ERROR;
				CLANG_WARN_DOCUMENTATION_COMMENTS = YES;
				CLANG_WARN_EMPTY_BODY = YES;
				CLANG_WARN_ENUM_CONVERSION = YES;
				CLANG_WARN_INFINITE_RECURSION = YES;
				CLANG_WARN_INT_CONVERSION = YES;
				CLANG_WARN_NON_LITERAL_NULL_CONVERSION = YES;
				CLANG_WARN_OBJC_IMPLICIT_RETAIN_SELF = YES;
				CLANG_WARN_OBJC_LITERAL_CONVERSION = YES;
				CLANG_WARN_OBJC_ROOT_CLASS = YES_ERROR;
				CLANG_WARN_QUOTED_INCLUDE_IN_FRAMEWORK_HEADER = YES;
				CLANG_WARN_RANGE_LOOP_ANALYSIS = YES;
				CLANG_WARN_STRICT_PROTOTYPES = YES;
				CLANG_WARN_SUSPICIOUS_MOVE = YES;
				CLANG_WARN_UNGUARDED_AVAILABILITY = YES_AGGRESSIVE;
				CLANG_WARN_UNREACHABLE_CODE = YES;
				CLANG_WARN__DUPLICATE_METHOD_MATCH = YES;
				COPY_PHASE_STRIP = NO;
				DEBUG_INFORMATION_FORMAT = dwarf;
				ENABLE_STRICT_OBJC_MSGSEND = YES;
				ENABLE_TESTABILITY = YES;
				GCC_C_LANGUAGE_STANDARD = gnu11;
				GCC_DYNAMIC_NO_PIC = NO;
				GCC_NO_COMMON_BLOCKS = YES;
				GCC_OPTIMIZATION_LEVEL = 0;
				GCC_PREPROCESSOR_DEFINITIONS = (
					"DEBUG=1",
					"$(inherited)",
				);
				GCC_WARN_64_TO_32_BIT_CONVERSION = YES;
				GCC_WARN_ABOUT_RETURN_TYPE = YES_ERROR;
				GCC_WARN_UNDECLARED_SELECTOR = YES;
				GCC_WARN_UNINITIALIZED_AUTOS = YES_AGGRESSIVE;
				GCC_WARN_UNUSED_FUNCTION = YES;
				GCC_WARN_UNUSED_VARIABLE = YES;
				IPHONEOS_DEPLOYMENT_TARGET = 15.0;
				MTL_ENABLE_DEBUG_INFO = INCLUDE_SOURCE;
				MTL_FAST_MATH = YES;
				ONLY_ACTIVE_ARCH = YES;
				SDKROOT = iphoneos;
				SWIFT_ACTIVE_COMPILATION_CONDITIONS = DEBUG;
				SWIFT_OPTIMIZATION_LEVEL = "-Onone";
			};
			name = Debug;
		};
		558AD57B2766A7BE008D1CDC /* Release */ = {
			isa = XCBuildConfiguration;
			buildSettings = {
				ALWAYS_SEARCH_USER_PATHS = NO;
				CLANG_ANALYZER_NONNULL = YES;
				CLANG_ANALYZER_NUMBER_OBJECT_CONVERSION = YES_AGGRESSIVE;
				CLANG_CXX_LANGUAGE_STANDARD = "gnu++17";
				CLANG_CXX_LIBRARY = "libc++";
				CLANG_ENABLE_MODULES = YES;
				CLANG_ENABLE_OBJC_ARC = YES;
				CLANG_ENABLE_OBJC_WEAK = YES;
				CLANG_WARN_BLOCK_CAPTURE_AUTORELEASING = YES;
				CLANG_WARN_BOOL_CONVERSION = YES;
				CLANG_WARN_COMMA = YES;
				CLANG_WARN_CONSTANT_CONVERSION = YES;
				CLANG_WARN_DEPRECATED_OBJC_IMPLEMENTATIONS = YES;
				CLANG_WARN_DIRECT_OBJC_ISA_USAGE = YES_ERROR;
				CLANG_WARN_DOCUMENTATION_COMMENTS = YES;
				CLANG_WARN_EMPTY_BODY = YES;
				CLANG_WARN_ENUM_CONVERSION = YES;
				CLANG_WARN_INFINITE_RECURSION = YES;
				CLANG_WARN_INT_CONVERSION = YES;
				CLANG_WARN_NON_LITERAL_NULL_CONVERSION = YES;
				CLANG_WARN_OBJC_IMPLICIT_RETAIN_SELF = YES;
				CLANG_WARN_OBJC_LITERAL_CONVERSION = YES;
				CLANG_WARN_OBJC_ROOT_CLASS = YES_ERROR;
				CLANG_WARN_QUOTED_INCLUDE_IN_FRAMEWORK_HEADER = YES;
				CLANG_WARN_RANGE_LOOP_ANALYSIS = YES;
				CLANG_WARN_STRICT_PROTOTYPES = YES;
				CLANG_WARN_SUSPICIOUS_MOVE = YES;
				CLANG_WARN_UNGUARDED_AVAILABILITY = YES_AGGRESSIVE;
				CLANG_WARN_UNREACHABLE_CODE = YES;
				CLANG_WARN__DUPLICATE_METHOD_MATCH = YES;
				COPY_PHASE_STRIP = NO;
				DEBUG_INFORMATION_FORMAT = "dwarf-with-dsym";
				ENABLE_NS_ASSERTIONS = NO;
				ENABLE_STRICT_OBJC_MSGSEND = YES;
				GCC_C_LANGUAGE_STANDARD = gnu11;
				GCC_NO_COMMON_BLOCKS = YES;
				GCC_WARN_64_TO_32_BIT_CONVERSION = YES;
				GCC_WARN_ABOUT_RETURN_TYPE = YES_ERROR;
				GCC_WARN_UNDECLARED_SELECTOR = YES;
				GCC_WARN_UNINITIALIZED_AUTOS = YES_AGGRESSIVE;
				GCC_WARN_UNUSED_FUNCTION = YES;
				GCC_WARN_UNUSED_VARIABLE = YES;
				IPHONEOS_DEPLOYMENT_TARGET = 15.0;
				MTL_ENABLE_DEBUG_INFO = NO;
				MTL_FAST_MATH = YES;
				SDKROOT = iphoneos;
				SWIFT_COMPILATION_MODE = wholemodule;
				SWIFT_OPTIMIZATION_LEVEL = "-O";
				VALIDATE_PRODUCT = YES;
			};
			name = Release;
		};
		558AD57D2766A7BE008D1CDC /* Debug */ = {
			isa = XCBuildConfiguration;
			baseConfigurationReference = 71CD3771A28B8F92D7815299 /* Pods-TVBadger.debug.xcconfig */;
			buildSettings = {
				ASSETCATALOG_COMPILER_APPICON_NAME = AppIcon;
				ASSETCATALOG_COMPILER_GLOBAL_ACCENT_COLOR_NAME = AccentColor;
				CODE_SIGN_STYLE = Automatic;
				CURRENT_PROJECT_VERSION = 1;
				DEVELOPMENT_TEAM = R389KLFTTX;
				GENERATE_INFOPLIST_FILE = YES;
				INFOPLIST_FILE = TVBadger/Info.plist;
				INFOPLIST_KEY_UIApplicationSupportsIndirectInputEvents = YES;
				INFOPLIST_KEY_UILaunchStoryboardName = LaunchScreen;
				INFOPLIST_KEY_UISupportedInterfaceOrientations_iPad = "UIInterfaceOrientationPortrait UIInterfaceOrientationPortraitUpsideDown UIInterfaceOrientationLandscapeLeft UIInterfaceOrientationLandscapeRight";
				INFOPLIST_KEY_UISupportedInterfaceOrientations_iPhone = "UIInterfaceOrientationPortrait UIInterfaceOrientationLandscapeLeft UIInterfaceOrientationLandscapeRight";
				LD_RUNPATH_SEARCH_PATHS = (
					"$(inherited)",
					"@executable_path/Frameworks",
				);
				MARKETING_VERSION = 1.0;
				PRODUCT_BUNDLE_IDENTIFIER = com.alper.TVBadger;
				PRODUCT_NAME = "$(TARGET_NAME)";
				SWIFT_EMIT_LOC_STRINGS = YES;
				SWIFT_VERSION = 5.0;
				TARGETED_DEVICE_FAMILY = "1,2";
			};
			name = Debug;
		};
		558AD57E2766A7BE008D1CDC /* Release */ = {
			isa = XCBuildConfiguration;
			baseConfigurationReference = F0ADF575F7D2A93226BF7C2C /* Pods-TVBadger.release.xcconfig */;
			buildSettings = {
				ASSETCATALOG_COMPILER_APPICON_NAME = AppIcon;
				ASSETCATALOG_COMPILER_GLOBAL_ACCENT_COLOR_NAME = AccentColor;
				CODE_SIGN_STYLE = Automatic;
				CURRENT_PROJECT_VERSION = 1;
				DEVELOPMENT_TEAM = R389KLFTTX;
				GENERATE_INFOPLIST_FILE = YES;
				INFOPLIST_FILE = TVBadger/Info.plist;
				INFOPLIST_KEY_UIApplicationSupportsIndirectInputEvents = YES;
				INFOPLIST_KEY_UILaunchStoryboardName = LaunchScreen;
				INFOPLIST_KEY_UISupportedInterfaceOrientations_iPad = "UIInterfaceOrientationPortrait UIInterfaceOrientationPortraitUpsideDown UIInterfaceOrientationLandscapeLeft UIInterfaceOrientationLandscapeRight";
				INFOPLIST_KEY_UISupportedInterfaceOrientations_iPhone = "UIInterfaceOrientationPortrait UIInterfaceOrientationLandscapeLeft UIInterfaceOrientationLandscapeRight";
				LD_RUNPATH_SEARCH_PATHS = (
					"$(inherited)",
					"@executable_path/Frameworks",
				);
				MARKETING_VERSION = 1.0;
				PRODUCT_BUNDLE_IDENTIFIER = com.alper.TVBadger;
				PRODUCT_NAME = "$(TARGET_NAME)";
				SWIFT_EMIT_LOC_STRINGS = YES;
				SWIFT_VERSION = 5.0;
				TARGETED_DEVICE_FAMILY = "1,2";
			};
			name = Release;
		};
		558AD5802766A7BE008D1CDC /* Debug */ = {
			isa = XCBuildConfiguration;
			buildSettings = {
				ALWAYS_EMBED_SWIFT_STANDARD_LIBRARIES = YES;
				BUNDLE_LOADER = "$(TEST_HOST)";
				CODE_SIGN_STYLE = Automatic;
				CURRENT_PROJECT_VERSION = 1;
				DEVELOPMENT_TEAM = R389KLFTTX;
				GENERATE_INFOPLIST_FILE = YES;
				IPHONEOS_DEPLOYMENT_TARGET = 15.0;
				LD_RUNPATH_SEARCH_PATHS = (
					"$(inherited)",
					"@executable_path/Frameworks",
					"@loader_path/Frameworks",
				);
				MARKETING_VERSION = 1.0;
				PRODUCT_BUNDLE_IDENTIFIER = com.alper.TVBadgerTests;
				PRODUCT_NAME = "$(TARGET_NAME)";
				SWIFT_EMIT_LOC_STRINGS = NO;
				SWIFT_VERSION = 5.0;
				TARGETED_DEVICE_FAMILY = "1,2";
				TEST_HOST = "$(BUILT_PRODUCTS_DIR)/TVBadger.app/TVBadger";
			};
			name = Debug;
		};
		558AD5812766A7BE008D1CDC /* Release */ = {
			isa = XCBuildConfiguration;
			buildSettings = {
				ALWAYS_EMBED_SWIFT_STANDARD_LIBRARIES = YES;
				BUNDLE_LOADER = "$(TEST_HOST)";
				CODE_SIGN_STYLE = Automatic;
				CURRENT_PROJECT_VERSION = 1;
				DEVELOPMENT_TEAM = R389KLFTTX;
				GENERATE_INFOPLIST_FILE = YES;
				IPHONEOS_DEPLOYMENT_TARGET = 15.0;
				LD_RUNPATH_SEARCH_PATHS = (
					"$(inherited)",
					"@executable_path/Frameworks",
					"@loader_path/Frameworks",
				);
				MARKETING_VERSION = 1.0;
				PRODUCT_BUNDLE_IDENTIFIER = com.alper.TVBadgerTests;
				PRODUCT_NAME = "$(TARGET_NAME)";
				SWIFT_EMIT_LOC_STRINGS = NO;
				SWIFT_VERSION = 5.0;
				TARGETED_DEVICE_FAMILY = "1,2";
				TEST_HOST = "$(BUILT_PRODUCTS_DIR)/TVBadger.app/TVBadger";
			};
			name = Release;
		};
		558AD5832766A7BE008D1CDC /* Debug */ = {
			isa = XCBuildConfiguration;
			buildSettings = {
				ALWAYS_EMBED_SWIFT_STANDARD_LIBRARIES = YES;
				CODE_SIGN_STYLE = Automatic;
				CURRENT_PROJECT_VERSION = 1;
				DEVELOPMENT_TEAM = R389KLFTTX;
				GENERATE_INFOPLIST_FILE = YES;
				LD_RUNPATH_SEARCH_PATHS = (
					"$(inherited)",
					"@executable_path/Frameworks",
					"@loader_path/Frameworks",
				);
				MARKETING_VERSION = 1.0;
				PRODUCT_BUNDLE_IDENTIFIER = com.alper.TVBadgerUITests;
				PRODUCT_NAME = "$(TARGET_NAME)";
				SWIFT_EMIT_LOC_STRINGS = NO;
				SWIFT_VERSION = 5.0;
				TARGETED_DEVICE_FAMILY = "1,2";
				TEST_TARGET_NAME = TVBadger;
			};
			name = Debug;
		};
		558AD5842766A7BE008D1CDC /* Release */ = {
			isa = XCBuildConfiguration;
			buildSettings = {
				ALWAYS_EMBED_SWIFT_STANDARD_LIBRARIES = YES;
				CODE_SIGN_STYLE = Automatic;
				CURRENT_PROJECT_VERSION = 1;
				DEVELOPMENT_TEAM = R389KLFTTX;
				GENERATE_INFOPLIST_FILE = YES;
				LD_RUNPATH_SEARCH_PATHS = (
					"$(inherited)",
					"@executable_path/Frameworks",
					"@loader_path/Frameworks",
				);
				MARKETING_VERSION = 1.0;
				PRODUCT_BUNDLE_IDENTIFIER = com.alper.TVBadgerUITests;
				PRODUCT_NAME = "$(TARGET_NAME)";
				SWIFT_EMIT_LOC_STRINGS = NO;
				SWIFT_VERSION = 5.0;
				TARGETED_DEVICE_FAMILY = "1,2";
				TEST_TARGET_NAME = TVBadger;
			};
			name = Release;
		};
/* End XCBuildConfiguration section */

/* Begin XCConfigurationList section */
		558AD54D2766A7BA008D1CDC /* Build configuration list for PBXProject "TVBadger" */ = {
			isa = XCConfigurationList;
			buildConfigurations = (
				558AD57A2766A7BE008D1CDC /* Debug */,
				558AD57B2766A7BE008D1CDC /* Release */,
			);
			defaultConfigurationIsVisible = 0;
			defaultConfigurationName = Release;
		};
		558AD57C2766A7BE008D1CDC /* Build configuration list for PBXNativeTarget "TVBadger" */ = {
			isa = XCConfigurationList;
			buildConfigurations = (
				558AD57D2766A7BE008D1CDC /* Debug */,
				558AD57E2766A7BE008D1CDC /* Release */,
			);
			defaultConfigurationIsVisible = 0;
			defaultConfigurationName = Release;
		};
		558AD57F2766A7BE008D1CDC /* Build configuration list for PBXNativeTarget "TVBadgerTests" */ = {
			isa = XCConfigurationList;
			buildConfigurations = (
				558AD5802766A7BE008D1CDC /* Debug */,
				558AD5812766A7BE008D1CDC /* Release */,
			);
			defaultConfigurationIsVisible = 0;
			defaultConfigurationName = Release;
		};
		558AD5822766A7BE008D1CDC /* Build configuration list for PBXNativeTarget "TVBadgerUITests" */ = {
			isa = XCConfigurationList;
			buildConfigurations = (
				558AD5832766A7BE008D1CDC /* Debug */,
				558AD5842766A7BE008D1CDC /* Release */,
			);
			defaultConfigurationIsVisible = 0;
			defaultConfigurationName = Release;
		};
/* End XCConfigurationList section */
	};
	rootObject = 558AD54A2766A7BA008D1CDC /* Project object */;
}
